
Microsoft Visual Studio Solution File, Format Version 12.00
# Visual Studio Version 17
VisualStudioVersion = 17.11.35222.181
MinimumVisualStudioVersion = 10.0.40219.1
Project("{FAE04EC0-301F-11D3-BF4B-00C04F79EFBC}") = "ASP_421", "ASP_421\ASP_421.csproj", "{E5BD9512-C6C3-4A58-A85B-2A263ED04AEF}"
EndProject
Global
	GlobalSection(SolutionConfigurationPlatforms) = preSolution
		Debug|Any CPU = Debug|Any CPU
		Release|Any CPU = Release|Any CPU
	EndGlobalSection
	GlobalSection(ProjectConfigurationPlatforms) = postSolution
		{E5BD9512-C6C3-4A58-A85B-2A263ED04AEF}.Debug|Any CPU.ActiveCfg = Debug|Any CPU
		{E5BD9512-C6C3-4A58-A85B-2A263ED04AEF}.Debug|Any CPU.Build.0 = Debug|Any CPU
		{E5BD9512-C6C3-4A58-A85B-2A263ED04AEF}.Release|Any CPU.ActiveCfg = Release|Any CPU
		{E5BD9512-C6C3-4A58-A85B-2A263ED04AEF}.Release|Any CPU.Build.0 = Release|Any CPU
	EndGlobalSection
	GlobalSection(SolutionProperties) = preSolution
		HideSolutionNode = FALSE
	EndGlobalSection
	GlobalSection(ExtensibilityGlobals) = postSolution
		SolutionGuid = {626248A4-81C1-4EA1-8BB1-ADB958B7A9C0}
	EndGlobalSection
EndGlobal
